
Microsoft Visual Studio Solution File, Format Version 12.00
# Visual Studio Version 17
VisualStudioVersion = 17.8.34525.116
MinimumVisualStudioVersion = 10.0.40219.1
Project("{8BC9CEB8-8B4A-11D0-8D11-00A0C91BC942}") = "projet2", "projet2.vcxproj", "{E3320773-22E4-4A79-950B-423E26085040}"
EndProject
Global
	GlobalSection(SolutionConfigurationPlatforms) = preSolution
		Debug|x64 = Debug|x64
		Debug|x86 = Debug|x86
		Release|x64 = Release|x64
		Release|x86 = Release|x86
	EndGlobalSection
	GlobalSection(ProjectConfigurationPlatforms) = postSolution
		{E3320773-22E4-4A79-950B-423E26085040}.Debug|x64.ActiveCfg = Debug|x64
		{E3320773-22E4-4A79-950B-423E26085040}.Debug|x64.Build.0 = Debug|x64
		{E3320773-22E4-4A79-950B-423E26085040}.Debug|x86.ActiveCfg = Debug|Win32
		{E3320773-22E4-4A79-950B-423E26085040}.Debug|x86.Build.0 = Debug|Win32
		{E3320773-22E4-4A79-950B-423E26085040}.Release|x64.ActiveCfg = Release|x64
		{E3320773-22E4-4A79-950B-423E26085040}.Release|x64.Build.0 = Release|x64
		{E3320773-22E4-4A79-950B-423E26085040}.Release|x86.ActiveCfg = Release|Win32
		{E3320773-22E4-4A79-950B-423E26085040}.Release|x86.Build.0 = Release|Win32
	EndGlobalSection
	GlobalSection(SolutionProperties) = preSolution
		HideSolutionNode = FALSE
	EndGlobalSection
	GlobalSection(ExtensibilityGlobals) = postSolution
		SolutionGuid = {85EE0D7A-BABF-4FF1-8EF5-F3185D867244}
	EndGlobalSection
EndGlobal
